
Microsoft Visual Studio Solution File, Format Version 12.00
# Visual Studio Version 16
VisualStudioVersion = 16.0.30330.147
MinimumVisualStudioVersion = 10.0.40219.1
Project("{FAE04EC0-301F-11D3-BF4B-00C04F79EFBC}") = "hackerrnkpractice", "hackerrnkpractice\hackerrnkpractice.csproj", "{028D67CC-16BB-4B0A-83D3-73FD750044FC}"
EndProject
Global
	GlobalSection(SolutionConfigurationPlatforms) = preSolution
		Debug|Any CPU = Debug|Any CPU
		Release|Any CPU = Release|Any CPU
	EndGlobalSection
	GlobalSection(ProjectConfigurationPlatforms) = postSolution
		{028D67CC-16BB-4B0A-83D3-73FD750044FC}.Debug|Any CPU.ActiveCfg = Debug|Any CPU
		{028D67CC-16BB-4B0A-83D3-73FD750044FC}.Debug|Any CPU.Build.0 = Debug|Any CPU
		{028D67CC-16BB-4B0A-83D3-73FD750044FC}.Release|Any CPU.ActiveCfg = Release|Any CPU
		{028D67CC-16BB-4B0A-83D3-73FD750044FC}.Release|Any CPU.Build.0 = Release|Any CPU
	EndGlobalSection
	GlobalSection(SolutionProperties) = preSolution
		HideSolutionNode = FALSE
	EndGlobalSection
	GlobalSection(ExtensibilityGlobals) = postSolution
		SolutionGuid = {5822049D-C435-4B58-8432-91E81506C54E}
	EndGlobalSection
EndGlobal
